// !$*UTF8*$!
{
	archiveVersion = 1;
	classes = {
	};
	objectVersion = 55;
	objects = {

/* Begin PBXBuildFile section */
		7471DDCF288F547F000AD49F /* Model.swift in Sources */ = {isa = PBXBuildFile; fileRef = 7471DDCE288F547F000AD49F /* Model.swift */; };
		74E689E5288EB64500D64284 /* AppDelegate.swift in Sources */ = {isa = PBXBuildFile; fileRef = 74E689E4288EB64500D64284 /* AppDelegate.swift */; };
		74E689E7288EB64500D64284 /* SceneDelegate.swift in Sources */ = {isa = PBXBuildFile; fileRef = 74E689E6288EB64500D64284 /* SceneDelegate.swift */; };
		74E689E9288EB64500D64284 /* ViewController.swift in Sources */ = {isa = PBXBuildFile; fileRef = 74E689E8288EB64500D64284 /* ViewController.swift */; };
		74E689EC288EB64500D64284 /* Main.storyboard in Resources */ = {isa = PBXBuildFile; fileRef = 74E689EA288EB64500D64284 /* Main.storyboard */; };
		74E689EE288EB64700D64284 /* Assets.xcassets in Resources */ = {isa = PBXBuildFile; fileRef = 74E689ED288EB64700D64284 /* Assets.xcassets */; };
		74E689F1288EB64700D64284 /* LaunchScreen.storyboard in Resources */ = {isa = PBXBuildFile; fileRef = 74E689EF288EB64700D64284 /* LaunchScreen.storyboard */; };
		74E689F9288EB9E700D64284 /* CollectionTableViewCell.swift in Sources */ = {isa = PBXBuildFile; fileRef = 74E689F8288EB9E700D64284 /* CollectionTableViewCell.swift */; };
		74E689FB288EBEBA00D64284 /* TileCollectionViewCell.swift in Sources */ = {isa = PBXBuildFile; fileRef = 74E689FA288EBEBA00D64284 /* TileCollectionViewCell.swift */; };
		DE2877B08770DD316C7A7477 /* Pods_Carousel.framework in Frameworks */ = {isa = PBXBuildFile; fileRef = 56B5337ED2FC527AB925E9FA /* Pods_Carousel.framework */; };
/* End PBXBuildFile section */

/* Begin PBXFileReference section */
		053B3887BDC8A723595116AA /* Pods-Carousel.release.xcconfig */ = {isa = PBXFileReference; includeInIndex = 1; lastKnownFileType = text.xcconfig; name = "Pods-Carousel.release.xcconfig"; path = "Target Support Files/Pods-Carousel/Pods-Carousel.release.xcconfig"; sourceTree = "<group>"; };
		56B5337ED2FC527AB925E9FA /* Pods_Carousel.framework */ = {isa = PBXFileReference; explicitFileType = wrapper.framework; includeInIndex = 0; path = Pods_Carousel.framework; sourceTree = BUILT_PRODUCTS_DIR; };
		7471DDCE288F547F000AD49F /* Model.swift */ = {isa = PBXFileReference; lastKnownFileType = sourcecode.swift; path = Model.swift; sourceTree = "<group>"; };
		74E689E1288EB64500D64284 /* Carousel.app */ = {isa = PBXFileReference; explicitFileType = wrapper.application; includeInIndex = 0; path = Carousel.app; sourceTree = BUILT_PRODUCTS_DIR; };
		74E689E4288EB64500D64284 /* AppDelegate.swift */ = {isa = PBXFileReference; lastKnownFileType = sourcecode.swift; path = AppDelegate.swift; sourceTree = "<group>"; };
		74E689E6288EB64500D64284 /* SceneDelegate.swift */ = {isa = PBXFileReference; lastKnownFileType = sourcecode.swift; path = SceneDelegate.swift; sourceTree = "<group>"; };
		74E689E8288EB64500D64284 /* ViewController.swift */ = {isa = PBXFileReference; lastKnownFileType = sourcecode.swift; path = ViewController.swift; sourceTree = "<group>"; };
		74E689EB288EB64500D64284 /* Base */ = {isa = PBXFileReference; lastKnownFileType = file.storyboard; name = Base; path = Base.lproj/Main.storyboard; sourceTree = "<group>"; };
		74E689ED288EB64700D64284 /* Assets.xcassets */ = {isa = PBXFileReference; lastKnownFileType = folder.assetcatalog; path = Assets.xcassets; sourceTree = "<group>"; };
		74E689F0288EB64700D64284 /* Base */ = {isa = PBXFileReference; lastKnownFileType = file.storyboard; name = Base; path = Base.lproj/LaunchScreen.storyboard; sourceTree = "<group>"; };
		74E689F2288EB64700D64284 /* Info.plist */ = {isa = PBXFileReference; lastKnownFileType = text.plist.xml; path = Info.plist; sourceTree = "<group>"; };
		74E689F8288EB9E700D64284 /* CollectionTableViewCell.swift */ = {isa = PBXFileReference; lastKnownFileType = sourcecode.swift; path = CollectionTableViewCell.swift; sourceTree = "<group>"; };
		74E689FA288EBEBA00D64284 /* TileCollectionViewCell.swift */ = {isa = PBXFileReference; lastKnownFileType = sourcecode.swift; path = TileCollectionViewCell.swift; sourceTree = "<group>"; };
		ED304F241DB5B144924FA6BD /* Pods-Carousel.debug.xcconfig */ = {isa = PBXFileReference; includeInIndex = 1; lastKnownFileType = text.xcconfig; name = "Pods-Carousel.debug.xcconfig"; path = "Target Support Files/Pods-Carousel/Pods-Carousel.debug.xcconfig"; sourceTree = "<group>"; };
/* End PBXFileReference section */

/* Begin PBXFrameworksBuildPhase section */
		74E689DE288EB64500D64284 /* Frameworks */ = {
			isa = PBXFrameworksBuildPhase;
			buildActionMask = 2147483647;
			files = (
				DE2877B08770DD316C7A7477 /* Pods_Carousel.framework in Frameworks */,
			);
			runOnlyForDeploymentPostprocessing = 0;
		};
/* End PBXFrameworksBuildPhase section */

/* Begin PBXGroup section */
		74E689D8288EB64500D64284 = {
			isa = PBXGroup;
			children = (
				74E689E3288EB64500D64284 /* Carousel */,
				74E689E2288EB64500D64284 /* Products */,
				A3F9B46CA3AD6215317F4F57 /* Pods */,
				E1B4C1FE1C5B67421A008A63 /* Frameworks */,
			);
			sourceTree = "<group>";
		};
		74E689E2288EB64500D64284 /* Products */ = {
			isa = PBXGroup;
			children = (
				74E689E1288EB64500D64284 /* Carousel.app */,
			);
			name = Products;
			sourceTree = "<group>";
		};
		74E689E3288EB64500D64284 /* Carousel */ = {
			isa = PBXGroup;
			children = (
				74E689E4288EB64500D64284 /* AppDelegate.swift */,
				74E689E6288EB64500D64284 /* SceneDelegate.swift */,
				7471DDCE288F547F000AD49F /* Model.swift */,
				74E689E8288EB64500D64284 /* ViewController.swift */,
				74E689F8288EB9E700D64284 /* CollectionTableViewCell.swift */,
				74E689EA288EB64500D64284 /* Main.storyboard */,
				74E689ED288EB64700D64284 /* Assets.xcassets */,
				74E689EF288EB64700D64284 /* LaunchScreen.storyboard */,
				74E689F2288EB64700D64284 /* Info.plist */,
				74E689FA288EBEBA00D64284 /* TileCollectionViewCell.swift */,
			);
			path = Carousel;
			sourceTree = "<group>";
		};
		A3F9B46CA3AD6215317F4F57 /* Pods */ = {
			isa = PBXGroup;
			children = (
				ED304F241DB5B144924FA6BD /* Pods-Carousel.debug.xcconfig */,
				053B3887BDC8A723595116AA /* Pods-Carousel.release.xcconfig */,
			);
			path = Pods;
			sourceTree = "<group>";
		};
		E1B4C1FE1C5B67421A008A63 /* Frameworks */ = {
			isa = PBXGroup;
			children = (
				56B5337ED2FC527AB925E9FA /* Pods_Carousel.framework */,
			);
			name = Frameworks;
			sourceTree = "<group>";
		};
/* End PBXGroup section */

/* Begin PBXNativeTarget section */
		74E689E0288EB64500D64284 /* Carousel */ = {
			isa = PBXNativeTarget;
			buildConfigurationList = 74E689F5288EB64700D64284 /* Build configuration list for PBXNativeTarget "Carousel" */;
			buildPhases = (
				A5021018D90D4209870C5FD7 /* [CP] Check Pods Manifest.lock */,
				74E689DD288EB64500D64284 /* Sources */,
				74E689DE288EB64500D64284 /* Frameworks */,
				74E689DF288EB64500D64284 /* Resources */,
				5903AD07D226E6C0680C8DD4 /* [CP] Embed Pods Frameworks */,
			);
			buildRules = (
			);
			dependencies = (
			);
			name = Carousel;
			productName = Carousel;
			productReference = 74E689E1288EB64500D64284 /* Carousel.app */;
			productType = "com.apple.product-type.application";
		};
/* End PBXNativeTarget section */

/* Begin PBXProject section */
		74E689D9288EB64500D64284 /* Project object */ = {
			isa = PBXProject;
			attributes = {
				BuildIndependentTargetsInParallel = 1;
				LastSwiftUpdateCheck = 1320;
				LastUpgradeCheck = 1320;
				TargetAttributes = {
					74E689E0288EB64500D64284 = {
						CreatedOnToolsVersion = 13.2.1;
					};
				};
			};
			buildConfigurationList = 74E689DC288EB64500D64284 /* Build configuration list for PBXProject "Carousel" */;
			compatibilityVersion = "Xcode 13.0";
			developmentRegion = en;
			hasScannedForEncodings = 0;
			knownRegions = (
				en,
				Base,
			);
			mainGroup = 74E689D8288EB64500D64284;
			productRefGroup = 74E689E2288EB64500D64284 /* Products */;
			projectDirPath = "";
			projectRoot = "";
			targets = (
				74E689E0288EB64500D64284 /* Carousel */,
			);
		};
/* End PBXProject section */

/* Begin PBXResourcesBuildPhase section */
		74E689DF288EB64500D64284 /* Resources */ = {
			isa = PBXResourcesBuildPhase;
			buildActionMask = 2147483647;
			files = (
				74E689F1288EB64700D64284 /* LaunchScreen.storyboard in Resources */,
				74E689EE288EB64700D64284 /* Assets.xcassets in Resources */,
				74E689EC288EB64500D64284 /* Main.storyboard in Resources */,
			);
			runOnlyForDeploymentPostprocessing = 0;
		};
/* End PBXResourcesBuildPhase section */

/* Begin PBXShellScriptBuildPhase section */
		5903AD07D226E6C0680C8DD4 /* [CP] Embed Pods Frameworks */ = {
			isa = PBXShellScriptBuildPhase;
			buildActionMask = 2147483647;
			files = (
			);
			inputFileListPaths = (
				"${PODS_ROOT}/Target Support Files/Pods-Carousel/Pods-Carousel-frameworks-${CONFIGURATION}-input-files.xcfilelist",
			);
			name = "[CP] Embed Pods Frameworks";
			outputFileListPaths = (
				"${PODS_ROOT}/Target Support Files/Pods-Carousel/Pods-Carousel-frameworks-${CONFIGURATION}-output-files.xcfilelist",
			);
			runOnlyForDeploymentPostprocessing = 0;
			shellPath = /bin/sh;
			shellScript = "\"${PODS_ROOT}/Target Support Files/Pods-Carousel/Pods-Carousel-frameworks.sh\"\n";
			showEnvVarsInLog = 0;
		};
		A5021018D90D4209870C5FD7 /* [CP] Check Pods Manifest.lock */ = {
			isa = PBXShellScriptBuildPhase;
			buildActionMask = 2147483647;
			files = (
			);
			inputFileListPaths = (
			);
			inputPaths = (
				"${PODS_PODFILE_DIR_PATH}/Podfile.lock",
				"${PODS_ROOT}/Manifest.lock",
			);
			name = "[CP] Check Pods Manifest.lock";
			outputFileListPaths = (
			);
			outputPaths = (
				"$(DERIVED_FILE_DIR)/Pods-Carousel-checkManifestLockResult.txt",
			);
			runOnlyForDeploymentPostprocessing = 0;
			shellPath = /bin/sh;
			shellScript = "diff \"${PODS_PODFILE_DIR_PATH}/Podfile.lock\" \"${PODS_ROOT}/Manifest.lock\" > /dev/null\nif [ $? != 0 ] ; then\n    # print error to STDERR\n    echo \"error: The sandbox is not in sync with the Podfile.lock. Run 'pod install' or update your CocoaPods installation.\" >&2\n    exit 1\nfi\n# This output is used by Xcode 'outputs' to avoid re-running this script phase.\necho \"SUCCESS\" > \"${SCRIPT_OUTPUT_FILE_0}\"\n";
			showEnvVarsInLog = 0;
		};
/* End PBXShellScriptBuildPhase section */

/* Begin PBXSourcesBuildPhase section */
		74E689DD288EB64500D64284 /* Sources */ = {
			isa = PBXSourcesBuildPhase;
			buildActionMask = 2147483647;
			files = (
				74E689E9288EB64500D64284 /* ViewController.swift in Sources */,
				74E689FB288EBEBA00D64284 /* TileCollectionViewCell.swift in Sources */,
				74E689E5288EB64500D64284 /* AppDelegate.swift in Sources */,
				7471DDCF288F547F000AD49F /* Model.swift in Sources */,
				74E689E7288EB64500D64284 /* SceneDelegate.swift in Sources */,
				74E689F9288EB9E700D64284 /* CollectionTableViewCell.swift in Sources */,
			);
			runOnlyForDeploymentPostprocessing = 0;
		};
/* End PBXSourcesBuildPhase section */

/* Begin PBXVariantGroup section */
		74E689EA288EB64500D64284 /* Main.storyboard */ = {
			isa = PBXVariantGroup;
			children = (
				74E689EB288EB64500D64284 /* Base */,
			);
			name = Main.storyboard;
			sourceTree = "<group>";
		};
		74E689EF288EB64700D64284 /* LaunchScreen.storyboard */ = {
			isa = PBXVariantGroup;
			children = (
				74E689F0288EB64700D64284 /* Base */,
			);
			name = LaunchScreen.storyboard;
			sourceTree = "<group>";
		};
/* End PBXVariantGroup section */

/* Begin XCBuildConfiguration section */
		74E689F3288EB64700D64284 /* Debug */ = {
			isa = XCBuildConfiguration;
			buildSettings = {
				ALWAYS_SEARCH_USER_PATHS = NO;
				CLANG_ANALYZER_NONNULL = YES;
				CLANG_ANALYZER_NUMBER_OBJECT_CONVERSION = YES_AGGRESSIVE;
				CLANG_CXX_LANGUAGE_STANDARD = "gnu++17";
				CLANG_CXX_LIBRARY = "libc++";
				CLANG_ENABLE_MODULES = YES;
				CLANG_ENABLE_OBJC_ARC = YES;
				CLANG_ENABLE_OBJC_WEAK = YES;
				CLANG_WARN_BLOCK_CAPTURE_AUTORELEASING = YES;
				CLANG_WARN_BOOL_CONVERSION = YES;
				CLANG_WARN_COMMA = YES;
				CLANG_WARN_CONSTANT_CONVERSION = YES;
				CLANG_WARN_DEPRECATED_OBJC_IMPLEMENTATIONS = YES;
				CLANG_WARN_DIRECT_OBJC_ISA_USAGE = YES_ERROR;
				CLANG_WARN_DOCUMENTATION_COMMENTS = YES;
				CLANG_WARN_EMPTY_BODY = YES;
				CLANG_WARN_ENUM_CONVERSION = YES;
				CLANG_WARN_INFINITE_RECURSION = YES;
				CLANG_WARN_INT_CONVERSION = YES;
				CLANG_WARN_NON_LITERAL_NULL_CONVERSION = YES;
				CLANG_WARN_OBJC_IMPLICIT_RETAIN_SELF = YES;
				CLANG_WARN_OBJC_LITERAL_CONVERSION = YES;
				CLANG_WARN_OBJC_ROOT_CLASS = YES_ERROR;
				CLANG_WARN_QUOTED_INCLUDE_IN_FRAMEWORK_HEADER = YES;
				CLANG_WARN_RANGE_LOOP_ANALYSIS = YES;
				CLANG_WARN_STRICT_PROTOTYPES = YES;
				CLANG_WARN_SUSPICIOUS_MOVE = YES;
				CLANG_WARN_UNGUARDED_AVAILABILITY = YES_AGGRESSIVE;
				CLANG_WARN_UNREACHABLE_CODE = YES;
				CLANG_WARN__DUPLICATE_METHOD_MATCH = YES;
				COPY_PHASE_STRIP = NO;
				DEBUG_INFORMATION_FORMAT = dwarf;
				ENABLE_STRICT_OBJC_MSGSEND = YES;
				ENABLE_TESTABILITY = YES;
				GCC_C_LANGUAGE_STANDARD = gnu11;
				GCC_DYNAMIC_NO_PIC = NO;
				GCC_NO_COMMON_BLOCKS = YES;
				GCC_OPTIMIZATION_LEVEL = 0;
				GCC_PREPROCESSOR_DEFINITIONS = (
					"DEBUG=1",
					"$(inherited)",
				);
				GCC_WARN_64_TO_32_BIT_CONVERSION = YES;
				GCC_WARN_ABOUT_RETURN_TYPE = YES_ERROR;
				GCC_WARN_UNDECLARED_SELECTOR = YES;
				GCC_WARN_UNINITIALIZED_AUTOS = YES_AGGRESSIVE;
				GCC_WARN_UNUSED_FUNCTION = YES;
				GCC_WARN_UNUSED_VARIABLE = YES;
				IPHONEOS_DEPLOYMENT_TARGET = 15.2;
				MTL_ENABLE_DEBUG_INFO = INCLUDE_SOURCE;
				MTL_FAST_MATH = YES;
				ONLY_ACTIVE_ARCH = YES;
				SDKROOT = iphoneos;
				SWIFT_ACTIVE_COMPILATION_CONDITIONS = DEBUG;
				SWIFT_OPTIMIZATION_LEVEL = "-Onone";
			};
			name = Debug;
		};
		74E689F4288EB64700D64284 /* Release */ = {
			isa = XCBuildConfiguration;
			buildSettings = {
				ALWAYS_SEARCH_USER_PATHS = NO;
				CLANG_ANALYZER_NONNULL = YES;
				CLANG_ANALYZER_NUMBER_OBJECT_CONVERSION = YES_AGGRESSIVE;
				CLANG_CXX_LANGUAGE_STANDARD = "gnu++17";
				CLANG_CXX_LIBRARY = "libc++";
				CLANG_ENABLE_MODULES = YES;
				CLANG_ENABLE_OBJC_ARC = YES;
				CLANG_ENABLE_OBJC_WEAK = YES;
				CLANG_WARN_BLOCK_CAPTURE_AUTORELEASING = YES;
				CLANG_WARN_BOOL_CONVERSION = YES;
				CLANG_WARN_COMMA = YES;
				CLANG_WARN_CONSTANT_CONVERSION = YES;
				CLANG_WARN_DEPRECATED_OBJC_IMPLEMENTATIONS = YES;
				CLANG_WARN_DIRECT_OBJC_ISA_USAGE = YES_ERROR;
				CLANG_WARN_DOCUMENTATION_COMMENTS = YES;
				CLANG_WARN_EMPTY_BODY = YES;
				CLANG_WARN_ENUM_CONVERSION = YES;
				CLANG_WARN_INFINITE_RECURSION = YES;
				CLANG_WARN_INT_CONVERSION = YES;
				CLANG_WARN_NON_LITERAL_NULL_CONVERSION = YES;
				CLANG_WARN_OBJC_IMPLICIT_RETAIN_SELF = YES;
				CLANG_WARN_OBJC_LITERAL_CONVERSION = YES;
				CLANG_WARN_OBJC_ROOT_CLASS = YES_ERROR;
				CLANG_WARN_QUOTED_INCLUDE_IN_FRAMEWORK_HEADER = YES;
				CLANG_WARN_RANGE_LOOP_ANALYSIS = YES;
				CLANG_WARN_STRICT_PROTOTYPES = YES;
				CLANG_WARN_SUSPICIOUS_MOVE = YES;
				CLANG_WARN_UNGUARDED_AVAILABILITY = YES_AGGRESSIVE;
				CLANG_WARN_UNREACHABLE_CODE = YES;
				CLANG_WARN__DUPLICATE_METHOD_MATCH = YES;
				COPY_PHASE_STRIP = NO;
				DEBUG_INFORMATION_FORMAT = "dwarf-with-dsym";
				ENABLE_NS_ASSERTIONS = NO;
				ENABLE_STRICT_OBJC_MSGSEND = YES;
				GCC_C_LANGUAGE_STANDARD = gnu11;
				GCC_NO_COMMON_BLOCKS = YES;
				GCC_WARN_64_TO_32_BIT_CONVERSION = YES;
				GCC_WARN_ABOUT_RETURN_TYPE = YES_ERROR;
				GCC_WARN_UNDECLARED_SELECTOR = YES;
				GCC_WARN_UNINITIALIZED_AUTOS = YES_AGGRESSIVE;
				GCC_WARN_UNUSED_FUNCTION = YES;
				GCC_WARN_UNUSED_VARIABLE = YES;
				IPHONEOS_DEPLOYMENT_TARGET = 15.2;
				MTL_ENABLE_DEBUG_INFO = NO;
				MTL_FAST_MATH = YES;
				SDKROOT = iphoneos;
				SWIFT_COMPILATION_MODE = wholemodule;
				SWIFT_OPTIMIZATION_LEVEL = "-O";
				VALIDATE_PRODUCT = YES;
			};
			name = Release;
		};
		74E689F6288EB64700D64284 /* Debug */ = {
			isa = XCBuildConfiguration;
			baseConfigurationReference = ED304F241DB5B144924FA6BD /* Pods-Carousel.debug.xcconfig */;
			buildSettings = {
				ASSETCATALOG_COMPILER_APPICON_NAME = AppIcon;
				ASSETCATALOG_COMPILER_GLOBAL_ACCENT_COLOR_NAME = AccentColor;
				CODE_SIGN_STYLE = Automatic;
				CURRENT_PROJECT_VERSION = 1;
				DEVELOPMENT_TEAM = C59A4SCRJ3;
				GENERATE_INFOPLIST_FILE = YES;
				INFOPLIST_FILE = Carousel/Info.plist;
				INFOPLIST_KEY_UIApplicationSupportsIndirectInputEvents = YES;
				INFOPLIST_KEY_UILaunchStoryboardName = LaunchScreen;
				INFOPLIST_KEY_UIMainStoryboardFile = Main;
				INFOPLIST_KEY_UISupportedInterfaceOrientations_iPad = "UIInterfaceOrientationPortrait UIInterfaceOrientationPortraitUpsideDown UIInterfaceOrientationLandscapeLeft UIInterfaceOrientationLandscapeRight";
				INFOPLIST_KEY_UISupportedInterfaceOrientations_iPhone = "UIInterfaceOrientationPortrait UIInterfaceOrientationLandscapeLeft UIInterfaceOrientationLandscapeRight";
				LD_RUNPATH_SEARCH_PATHS = (
					"$(inherited)",
					"@executable_path/Frameworks",
				);
				MARKETING_VERSION = 1.0;
				PRODUCT_BUNDLE_IDENTIFIER = "-.Carousel";
				PRODUCT_NAME = "$(TARGET_NAME)";
				SWIFT_EMIT_LOC_STRINGS = YES;
				SWIFT_VERSION = 5.0;
				TARGETED_DEVICE_FAMILY = "1,2";
			};
			name = Debug;
		};
		74E689F7288EB64700D64284 /* Release */ = {
			isa = XCBuildConfiguration;
			baseConfigurationReference = 053B3887BDC8A723595116AA /* Pods-Carousel.release.xcconfig */;
			buildSettings = {
				ASSETCATALOG_COMPILER_APPICON_NAME = AppIcon;
				ASSETCATALOG_COMPILER_GLOBAL_ACCENT_COLOR_NAME = AccentColor;
				CODE_SIGN_STYLE = Automatic;
				CURRENT_PROJECT_VERSION = 1;
				DEVELOPMENT_TEAM = C59A4SCRJ3;
				GENERATE_INFOPLIST_FILE = YES;
				INFOPLIST_FILE = Carousel/Info.plist;
				INFOPLIST_KEY_UIApplicationSupportsIndirectInputEvents = YES;
				INFOPLIST_KEY_UILaunchStoryboardName = LaunchScreen;
				INFOPLIST_KEY_UIMainStoryboardFile = Main;
				INFOPLIST_KEY_UISupportedInterfaceOrientations_iPad = "UIInterfaceOrientationPortrait UIInterfaceOrientationPortraitUpsideDown UIInterfaceOrientationLandscapeLeft UIInterfaceOrientationLandscapeRight";
				INFOPLIST_KEY_UISupportedInterfaceOrientations_iPhone = "UIInterfaceOrientationPortrait UIInterfaceOrientationLandscapeLeft UIInterfaceOrientationLandscapeRight";
				LD_RUNPATH_SEARCH_PATHS = (
					"$(inherited)",
					"@executable_path/Frameworks",
				);
				MARKETING_VERSION = 1.0;
				PRODUCT_BUNDLE_IDENTIFIER = "-.Carousel";
				PRODUCT_NAME = "$(TARGET_NAME)";
				SWIFT_EMIT_LOC_STRINGS = YES;
				SWIFT_VERSION = 5.0;
				TARGETED_DEVICE_FAMILY = "1,2";
			};
			name = Release;
		};
/* End XCBuildConfiguration section */

/* Begin XCConfigurationList section */
		74E689DC288EB64500D64284 /* Build configuration list for PBXProject "Carousel" */ = {
			isa = XCConfigurationList;
			buildConfigurations = (
				74E689F3288EB64700D64284 /* Debug */,
				74E689F4288EB64700D64284 /* Release */,
			);
			defaultConfigurationIsVisible = 0;
			defaultConfigurationName = Release;
		};
		74E689F5288EB64700D64284 /* Build configuration list for PBXNativeTarget "Carousel" */ = {
			isa = XCConfigurationList;
			buildConfigurations = (
				74E689F6288EB64700D64284 /* Debug */,
				74E689F7288EB64700D64284 /* Release */,
			);
			defaultConfigurationIsVisible = 0;
			defaultConfigurationName = Release;
		};
/* End XCConfigurationList section */
	};
	rootObject = 74E689D9288EB64500D64284 /* Project object */;
}
